
Microsoft Visual Studio Solution File, Format Version 12.00
# Visual Studio 15
VisualStudioVersion = 15.0.28010.2026
MinimumVisualStudioVersion = 10.0.40219.1
Project("{FAE04EC0-301F-11D3-BF4B-00C04F79EFBC}") = "PingPongGame", "PingPongGame\PingPongGame.csproj", "{7E168136-F41A-4F9A-AEC1-3F4F154FD9E4}"
EndProject
Global
	GlobalSection(SolutionConfigurationPlatforms) = preSolution
		Debug|Any CPU = Debug|Any CPU
		Release|Any CPU = Release|Any CPU
	EndGlobalSection
	GlobalSection(ProjectConfigurationPlatforms) = postSolution
		{7E168136-F41A-4F9A-AEC1-3F4F154FD9E4}.Debug|Any CPU.ActiveCfg = Debug|Any CPU
		{7E168136-F41A-4F9A-AEC1-3F4F154FD9E4}.Debug|Any CPU.Build.0 = Debug|Any CPU
		{7E168136-F41A-4F9A-AEC1-3F4F154FD9E4}.Release|Any CPU.ActiveCfg = Release|Any CPU
		{7E168136-F41A-4F9A-AEC1-3F4F154FD9E4}.Release|Any CPU.Build.0 = Release|Any CPU
	EndGlobalSection
	GlobalSection(SolutionProperties) = preSolution
		HideSolutionNode = FALSE
	EndGlobalSection
	GlobalSection(ExtensibilityGlobals) = postSolution
		SolutionGuid = {EDBA6685-CB2F-4EFA-BE08-297835B67E63}
	EndGlobalSection
EndGlobal
